// !$*UTF8*$!
{
	archiveVersion = 1;
	classes = {
	};
	objectVersion = 50;
	objects = {

/* Begin PBXBuildFile section */
		A11F8C5923AC69BB00E590BB /* AppDelegate.m in Sources */ = {isa = PBXBuildFile; fileRef = A11F8C5823AC69BB00E590BB /* AppDelegate.m */; };
		A11F8C5C23AC69BB00E590BB /* SceneDelegate.m in Sources */ = {isa = PBXBuildFile; fileRef = A11F8C5B23AC69BB00E590BB /* SceneDelegate.m */; };
		A11F8C5F23AC69BB00E590BB /* ViewController.m in Sources */ = {isa = PBXBuildFile; fileRef = A11F8C5E23AC69BB00E590BB /* ViewController.m */; };
		A11F8C6223AC69BB00E590BB /* Main.storyboard in Resources */ = {isa = PBXBuildFile; fileRef = A11F8C6023AC69BB00E590BB /* Main.storyboard */; };
		A11F8C6423AC69BB00E590BB /* Assets.xcassets in Resources */ = {isa = PBXBuildFile; fileRef = A11F8C6323AC69BB00E590BB /* Assets.xcassets */; };
		A11F8C6723AC69BB00E590BB /* LaunchScreen.storyboard in Resources */ = {isa = PBXBuildFile; fileRef = A11F8C6523AC69BB00E590BB /* LaunchScreen.storyboard */; };
		A11F8C6A23AC69BB00E590BB /* main.m in Sources */ = {isa = PBXBuildFile; fileRef = A11F8C6923AC69BB00E590BB /* main.m */; };
		A11F8C7423AC69BC00E590BB /* StoryboardDemoWithSwiftTests.m in Sources */ = {isa = PBXBuildFile; fileRef = A11F8C7323AC69BC00E590BB /* StoryboardDemoWithSwiftTests.m */; };
		A11F8C7F23AC69BC00E590BB /* StoryboardDemoWithSwiftUITests.m in Sources */ = {isa = PBXBuildFile; fileRef = A11F8C7E23AC69BC00E590BB /* StoryboardDemoWithSwiftUITests.m */; };
/* End PBXBuildFile section */

/* Begin PBXContainerItemProxy section */
		A11F8C7023AC69BC00E590BB /* PBXContainerItemProxy */ = {
			isa = PBXContainerItemProxy;
			containerPortal = A11F8C4C23AC69BB00E590BB /* Project object */;
			proxyType = 1;
			remoteGlobalIDString = A11F8C5323AC69BB00E590BB;
			remoteInfo = StoryboardDemoWithSwift;
		};
		A11F8C7B23AC69BC00E590BB /* PBXContainerItemProxy */ = {
			isa = PBXContainerItemProxy;
			containerPortal = A11F8C4C23AC69BB00E590BB /* Project object */;
			proxyType = 1;
			remoteGlobalIDString = A11F8C5323AC69BB00E590BB;
			remoteInfo = StoryboardDemoWithSwift;
		};
/* End PBXContainerItemProxy section */

/* Begin PBXFileReference section */
		A11F8C5423AC69BB00E590BB /* StoryboardDemoWithSwift.app */ = {isa = PBXFileReference; explicitFileType = wrapper.application; includeInIndex = 0; path = StoryboardDemoWithSwift.app; sourceTree = BUILT_PRODUCTS_DIR; };
		A11F8C5723AC69BB00E590BB /* AppDelegate.h */ = {isa = PBXFileReference; lastKnownFileType = sourcecode.c.h; path = AppDelegate.h; sourceTree = "<group>"; };
		A11F8C5823AC69BB00E590BB /* AppDelegate.m */ = {isa = PBXFileReference; lastKnownFileType = sourcecode.c.objc; path = AppDelegate.m; sourceTree = "<group>"; };
		A11F8C5A23AC69BB00E590BB /* SceneDelegate.h */ = {isa = PBXFileReference; lastKnownFileType = sourcecode.c.h; path = SceneDelegate.h; sourceTree = "<group>"; };
		A11F8C5B23AC69BB00E590BB /* SceneDelegate.m */ = {isa = PBXFileReference; lastKnownFileType = sourcecode.c.objc; path = SceneDelegate.m; sourceTree = "<group>"; };
		A11F8C5D23AC69BB00E590BB /* ViewController.h */ = {isa = PBXFileReference; lastKnownFileType = sourcecode.c.h; path = ViewController.h; sourceTree = "<group>"; };
		A11F8C5E23AC69BB00E590BB /* ViewController.m */ = {isa = PBXFileReference; lastKnownFileType = sourcecode.c.objc; path = ViewController.m; sourceTree = "<group>"; };
		A11F8C6123AC69BB00E590BB /* Base */ = {isa = PBXFileReference; lastKnownFileType = file.storyboard; name = Base; path = Base.lproj/Main.storyboard; sourceTree = "<group>"; };
		A11F8C6323AC69BB00E590BB /* Assets.xcassets */ = {isa = PBXFileReference; lastKnownFileType = folder.assetcatalog; path = Assets.xcassets; sourceTree = "<group>"; };
		A11F8C6623AC69BB00E590BB /* Base */ = {isa = PBXFileReference; lastKnownFileType = file.storyboard; name = Base; path = Base.lproj/LaunchScreen.storyboard; sourceTree = "<group>"; };
		A11F8C6823AC69BB00E590BB /* Info.plist */ = {isa = PBXFileReference; lastKnownFileType = text.plist.xml; path = Info.plist; sourceTree = "<group>"; };
		A11F8C6923AC69BB00E590BB /* main.m */ = {isa = PBXFileReference; lastKnownFileType = sourcecode.c.objc; path = main.m; sourceTree = "<group>"; };
		A11F8C6F23AC69BC00E590BB /* StoryboardDemoWithSwiftTests.xctest */ = {isa = PBXFileReference; explicitFileType = wrapper.cfbundle; includeInIndex = 0; path = StoryboardDemoWithSwiftTests.xctest; sourceTree = BUILT_PRODUCTS_DIR; };
		A11F8C7323AC69BC00E590BB /* StoryboardDemoWithSwiftTests.m */ = {isa = PBXFileReference; lastKnownFileType = sourcecode.c.objc; path = StoryboardDemoWithSwiftTests.m; sourceTree = "<group>"; };
		A11F8C7523AC69BC00E590BB /* Info.plist */ = {isa = PBXFileReference; lastKnownFileType = text.plist.xml; path = Info.plist; sourceTree = "<group>"; };
		A11F8C7A23AC69BC00E590BB /* StoryboardDemoWithSwiftUITests.xctest */ = {isa = PBXFileReference; explicitFileType = wrapper.cfbundle; includeInIndex = 0; path = StoryboardDemoWithSwiftUITests.xctest; sourceTree = BUILT_PRODUCTS_DIR; };
		A11F8C7E23AC69BC00E590BB /* StoryboardDemoWithSwiftUITests.m */ = {isa = PBXFileReference; lastKnownFileType = sourcecode.c.objc; path = StoryboardDemoWithSwiftUITests.m; sourceTree = "<group>"; };
		A11F8C8023AC69BC00E590BB /* Info.plist */ = {isa = PBXFileReference; lastKnownFileType = text.plist.xml; path = Info.plist; sourceTree = "<group>"; };
/* End PBXFileReference section */

/* Begin PBXFrameworksBuildPhase section */
		A11F8C5123AC69BB00E590BB /* Frameworks */ = {
			isa = PBXFrameworksBuildPhase;
			buildActionMask = 2147483647;
			files = (
			);
			runOnlyForDeploymentPostprocessing = 0;
		};
		A11F8C6C23AC69BC00E590BB /* Frameworks */ = {
			isa = PBXFrameworksBuildPhase;
			buildActionMask = 2147483647;
			files = (
			);
			runOnlyForDeploymentPostprocessing = 0;
		};
		A11F8C7723AC69BC00E590BB /* Frameworks */ = {
			isa = PBXFrameworksBuildPhase;
			buildActionMask = 2147483647;
			files = (
			);
			runOnlyForDeploymentPostprocessing = 0;
		};
/* End PBXFrameworksBuildPhase section */

/* Begin PBXGroup section */
		A11F8C4B23AC69BB00E590BB = {
			isa = PBXGroup;
			children = (
				A11F8C5623AC69BB00E590BB /* StoryboardDemoWithSwift */,
				A11F8C7223AC69BC00E590BB /* StoryboardDemoWithSwiftTests */,
				A11F8C7D23AC69BC00E590BB /* StoryboardDemoWithSwiftUITests */,
				A11F8C5523AC69BB00E590BB /* Products */,
			);
			sourceTree = "<group>";
		};
		A11F8C5523AC69BB00E590BB /* Products */ = {
			isa = PBXGroup;
			children = (
				A11F8C5423AC69BB00E590BB /* StoryboardDemoWithSwift.app */,
				A11F8C6F23AC69BC00E590BB /* StoryboardDemoWithSwiftTests.xctest */,
				A11F8C7A23AC69BC00E590BB /* StoryboardDemoWithSwiftUITests.xctest */,
			);
			name = Products;
			sourceTree = "<group>";
		};
		A11F8C5623AC69BB00E590BB /* StoryboardDemoWithSwift */ = {
			isa = PBXGroup;
			children = (
				A11F8C5723AC69BB00E590BB /* AppDelegate.h */,
				A11F8C5823AC69BB00E590BB /* AppDelegate.m */,
				A11F8C5A23AC69BB00E590BB /* SceneDelegate.h */,
				A11F8C5B23AC69BB00E590BB /* SceneDelegate.m */,
				A11F8C5D23AC69BB00E590BB /* ViewController.h */,
				A11F8C5E23AC69BB00E590BB /* ViewController.m */,
				A11F8C6023AC69BB00E590BB /* Main.storyboard */,
				A11F8C6323AC69BB00E590BB /* Assets.xcassets */,
				A11F8C6523AC69BB00E590BB /* LaunchScreen.storyboard */,
				A11F8C6823AC69BB00E590BB /* Info.plist */,
				A11F8C6923AC69BB00E590BB /* main.m */,
			);
			path = StoryboardDemoWithSwift;
			sourceTree = "<group>";
		};
		A11F8C7223AC69BC00E590BB /* StoryboardDemoWithSwiftTests */ = {
			isa = PBXGroup;
			children = (
				A11F8C7323AC69BC00E590BB /* StoryboardDemoWithSwiftTests.m */,
				A11F8C7523AC69BC00E590BB /* Info.plist */,
			);
			path = StoryboardDemoWithSwiftTests;
			sourceTree = "<group>";
		};
		A11F8C7D23AC69BC00E590BB /* StoryboardDemoWithSwiftUITests */ = {
			isa = PBXGroup;
			children = (
				A11F8C7E23AC69BC00E590BB /* StoryboardDemoWithSwiftUITests.m */,
				A11F8C8023AC69BC00E590BB /* Info.plist */,
			);
			path = StoryboardDemoWithSwiftUITests;
			sourceTree = "<group>";
		};
/* End PBXGroup section */

/* Begin PBXNativeTarget section */
		A11F8C5323AC69BB00E590BB /* StoryboardDemoWithSwift */ = {
			isa = PBXNativeTarget;
			buildConfigurationList = A11F8C8323AC69BC00E590BB /* Build configuration list for PBXNativeTarget "StoryboardDemoWithSwift" */;
			buildPhases = (
				A11F8C5023AC69BB00E590BB /* Sources */,
				A11F8C5123AC69BB00E590BB /* Frameworks */,
				A11F8C5223AC69BB00E590BB /* Resources */,
			);
			buildRules = (
			);
			dependencies = (
			);
			name = StoryboardDemoWithSwift;
			productName = StoryboardDemoWithSwift;
			productReference = A11F8C5423AC69BB00E590BB /* StoryboardDemoWithSwift.app */;
			productType = "com.apple.product-type.application";
		};
		A11F8C6E23AC69BC00E590BB /* StoryboardDemoWithSwiftTests */ = {
			isa = PBXNativeTarget;
			buildConfigurationList = A11F8C8623AC69BC00E590BB /* Build configuration list for PBXNativeTarget "StoryboardDemoWithSwiftTests" */;
			buildPhases = (
				A11F8C6B23AC69BC00E590BB /* Sources */,
				A11F8C6C23AC69BC00E590BB /* Frameworks */,
				A11F8C6D23AC69BC00E590BB /* Resources */,
			);
			buildRules = (
			);
			dependencies = (
				A11F8C7123AC69BC00E590BB /* PBXTargetDependency */,
			);
			name = StoryboardDemoWithSwiftTests;
			productName = StoryboardDemoWithSwiftTests;
			productReference = A11F8C6F23AC69BC00E590BB /* StoryboardDemoWithSwiftTests.xctest */;
			productType = "com.apple.product-type.bundle.unit-test";
		};
		A11F8C7923AC69BC00E590BB /* StoryboardDemoWithSwiftUITests */ = {
			isa = PBXNativeTarget;
			buildConfigurationList = A11F8C8923AC69BC00E590BB /* Build configuration list for PBXNativeTarget "StoryboardDemoWithSwiftUITests" */;
			buildPhases = (
				A11F8C7623AC69BC00E590BB /* Sources */,
				A11F8C7723AC69BC00E590BB /* Frameworks */,
				A11F8C7823AC69BC00E590BB /* Resources */,
			);
			buildRules = (
			);
			dependencies = (
				A11F8C7C23AC69BC00E590BB /* PBXTargetDependency */,
			);
			name = StoryboardDemoWithSwiftUITests;
			productName = StoryboardDemoWithSwiftUITests;
			productReference = A11F8C7A23AC69BC00E590BB /* StoryboardDemoWithSwiftUITests.xctest */;
			productType = "com.apple.product-type.bundle.ui-testing";
		};
/* End PBXNativeTarget section */

/* Begin PBXProject section */
		A11F8C4C23AC69BB00E590BB /* Project object */ = {
			isa = PBXProject;
			attributes = {
				LastUpgradeCheck = 1130;
				ORGANIZATIONNAME = QuentinZang;
				TargetAttributes = {
					A11F8C5323AC69BB00E590BB = {
						CreatedOnToolsVersion = 11.3;
					};
					A11F8C6E23AC69BC00E590BB = {
						CreatedOnToolsVersion = 11.3;
						TestTargetID = A11F8C5323AC69BB00E590BB;
					};
					A11F8C7923AC69BC00E590BB = {
						CreatedOnToolsVersion = 11.3;
						TestTargetID = A11F8C5323AC69BB00E590BB;
					};
				};
			};
			buildConfigurationList = A11F8C4F23AC69BB00E590BB /* Build configuration list for PBXProject "StoryboardDemoWithSwift" */;
			compatibilityVersion = "Xcode 9.3";
			developmentRegion = en;
			hasScannedForEncodings = 0;
			knownRegions = (
				en,
				Base,
			);
			mainGroup = A11F8C4B23AC69BB00E590BB;
			productRefGroup = A11F8C5523AC69BB00E590BB /* Products */;
			projectDirPath = "";
			projectRoot = "";
			targets = (
				A11F8C5323AC69BB00E590BB /* StoryboardDemoWithSwift */,
				A11F8C6E23AC69BC00E590BB /* StoryboardDemoWithSwiftTests */,
				A11F8C7923AC69BC00E590BB /* StoryboardDemoWithSwiftUITests */,
			);
		};
/* End PBXProject section */

/* Begin PBXResourcesBuildPhase section */
		A11F8C5223AC69BB00E590BB /* Resources */ = {
			isa = PBXResourcesBuildPhase;
			buildActionMask = 2147483647;
			files = (
				A11F8C6723AC69BB00E590BB /* LaunchScreen.storyboard in Resources */,
				A11F8C6423AC69BB00E590BB /* Assets.xcassets in Resources */,
				A11F8C6223AC69BB00E590BB /* Main.storyboard in Resources */,
			);
			runOnlyForDeploymentPostprocessing = 0;
		};
		A11F8C6D23AC69BC00E590BB /* Resources */ = {
			isa = PBXResourcesBuildPhase;
			buildActionMask = 2147483647;
			files = (
			);
			runOnlyForDeploymentPostprocessing = 0;
		};
		A11F8C7823AC69BC00E590BB /* Resources */ = {
			isa = PBXResourcesBuildPhase;
			buildActionMask = 2147483647;
			files = (
			);
			runOnlyForDeploymentPostprocessing = 0;
		};
/* End PBXResourcesBuildPhase section */

/* Begin PBXSourcesBuildPhase section */
		A11F8C5023AC69BB00E590BB /* Sources */ = {
			isa = PBXSourcesBuildPhase;
			buildActionMask = 2147483647;
			files = (
				A11F8C5F23AC69BB00E590BB /* ViewController.m in Sources */,
				A11F8C5923AC69BB00E590BB /* AppDelegate.m in Sources */,
				A11F8C6A23AC69BB00E590BB /* main.m in Sources */,
				A11F8C5C23AC69BB00E590BB /* SceneDelegate.m in Sources */,
			);
			runOnlyForDeploymentPostprocessing = 0;
		};
		A11F8C6B23AC69BC00E590BB /* Sources */ = {
			isa = PBXSourcesBuildPhase;
			buildActionMask = 2147483647;
			files = (
				A11F8C7423AC69BC00E590BB /* StoryboardDemoWithSwiftTests.m in Sources */,
			);
			runOnlyForDeploymentPostprocessing = 0;
		};
		A11F8C7623AC69BC00E590BB /* Sources */ = {
			isa = PBXSourcesBuildPhase;
			buildActionMask = 2147483647;
			files = (
				A11F8C7F23AC69BC00E590BB /* StoryboardDemoWithSwiftUITests.m in Sources */,
			);
			runOnlyForDeploymentPostprocessing = 0;
		};
/* End PBXSourcesBuildPhase section */

/* Begin PBXTargetDependency section */
		A11F8C7123AC69BC00E590BB /* PBXTargetDependency */ = {
			isa = PBXTargetDependency;
			target = A11F8C5323AC69BB00E590BB /* StoryboardDemoWithSwift */;
			targetProxy = A11F8C7023AC69BC00E590BB /* PBXContainerItemProxy */;
		};
		A11F8C7C23AC69BC00E590BB /* PBXTargetDependency */ = {
			isa = PBXTargetDependency;
			target = A11F8C5323AC69BB00E590BB /* StoryboardDemoWithSwift */;
			targetProxy = A11F8C7B23AC69BC00E590BB /* PBXContainerItemProxy */;
		};
/* End PBXTargetDependency section */

/* Begin PBXVariantGroup section */
		A11F8C6023AC69BB00E590BB /* Main.storyboard */ = {
			isa = PBXVariantGroup;
			children = (
				A11F8C6123AC69BB00E590BB /* Base */,
			);
			name = Main.storyboard;
			sourceTree = "<group>";
		};
		A11F8C6523AC69BB00E590BB /* LaunchScreen.storyboard */ = {
			isa = PBXVariantGroup;
			children = (
				A11F8C6623AC69BB00E590BB /* Base */,
			);
			name = LaunchScreen.storyboard;
			sourceTree = "<group>";
		};
/* End PBXVariantGroup section */

/* Begin XCBuildConfiguration section */
		A11F8C8123AC69BC00E590BB /* Debug */ = {
			isa = XCBuildConfiguration;
			buildSettings = {
				ALWAYS_SEARCH_USER_PATHS = NO;
				CLANG_ANALYZER_NONNULL = YES;
				CLANG_ANALYZER_NUMBER_OBJECT_CONVERSION = YES_AGGRESSIVE;
				CLANG_CXX_LANGUAGE_STANDARD = "gnu++14";
				CLANG_CXX_LIBRARY = "libc++";
				CLANG_ENABLE_MODULES = YES;
				CLANG_ENABLE_OBJC_ARC = YES;
				CLANG_ENABLE_OBJC_WEAK = YES;
				CLANG_WARN_BLOCK_CAPTURE_AUTORELEASING = YES;
				CLANG_WARN_BOOL_CONVERSION = YES;
				CLANG_WARN_COMMA = YES;
				CLANG_WARN_CONSTANT_CONVERSION = YES;
				CLANG_WARN_DEPRECATED_OBJC_IMPLEMENTATIONS = YES;
				CLANG_WARN_DIRECT_OBJC_ISA_USAGE = YES_ERROR;
				CLANG_WARN_DOCUMENTATION_COMMENTS = YES;
				CLANG_WARN_EMPTY_BODY = YES;
				CLANG_WARN_ENUM_CONVERSION = YES;
				CLANG_WARN_INFINITE_RECURSION = YES;
				CLANG_WARN_INT_CONVERSION = YES;
				CLANG_WARN_NON_LITERAL_NULL_CONVERSION = YES;
				CLANG_WARN_OBJC_IMPLICIT_RETAIN_SELF = YES;
				CLANG_WARN_OBJC_LITERAL_CONVERSION = YES;
				CLANG_WARN_OBJC_ROOT_CLASS = YES_ERROR;
				CLANG_WARN_RANGE_LOOP_ANALYSIS = YES;
				CLANG_WARN_STRICT_PROTOTYPES = YES;
				CLANG_WARN_SUSPICIOUS_MOVE = YES;
				CLANG_WARN_UNGUARDED_AVAILABILITY = YES_AGGRESSIVE;
				CLANG_WARN_UNREACHABLE_CODE = YES;
				CLANG_WARN__DUPLICATE_METHOD_MATCH = YES;
				COPY_PHASE_STRIP = NO;
				DEBUG_INFORMATION_FORMAT = dwarf;
				ENABLE_STRICT_OBJC_MSGSEND = YES;
				ENABLE_TESTABILITY = YES;
				GCC_C_LANGUAGE_STANDARD = gnu11;
				GCC_DYNAMIC_NO_PIC = NO;
				GCC_NO_COMMON_BLOCKS = YES;
				GCC_OPTIMIZATION_LEVEL = 0;
				GCC_PREPROCESSOR_DEFINITIONS = (
					"DEBUG=1",
					"$(inherited)",
				);
				GCC_WARN_64_TO_32_BIT_CONVERSION = YES;
				GCC_WARN_ABOUT_RETURN_TYPE = YES_ERROR;
				GCC_WARN_UNDECLARED_SELECTOR = YES;
				GCC_WARN_UNINITIALIZED_AUTOS = YES_AGGRESSIVE;
				GCC_WARN_UNUSED_FUNCTION = YES;
				GCC_WARN_UNUSED_VARIABLE = YES;
				IPHONEOS_DEPLOYMENT_TARGET = 13.2;
				MTL_ENABLE_DEBUG_INFO = INCLUDE_SOURCE;
				MTL_FAST_MATH = YES;
				ONLY_ACTIVE_ARCH = YES;
				SDKROOT = iphoneos;
			};
			name = Debug;
		};
		A11F8C8223AC69BC00E590BB /* Release */ = {
			isa = XCBuildConfiguration;
			buildSettings = {
				ALWAYS_SEARCH_USER_PATHS = NO;
				CLANG_ANALYZER_NONNULL = YES;
				CLANG_ANALYZER_NUMBER_OBJECT_CONVERSION = YES_AGGRESSIVE;
				CLANG_CXX_LANGUAGE_STANDARD = "gnu++14";
				CLANG_CXX_LIBRARY = "libc++";
				CLANG_ENABLE_MODULES = YES;
				CLANG_ENABLE_OBJC_ARC = YES;
				CLANG_ENABLE_OBJC_WEAK = YES;
				CLANG_WARN_BLOCK_CAPTURE_AUTORELEASING = YES;
				CLANG_WARN_BOOL_CONVERSION = YES;
				CLANG_WARN_COMMA = YES;
				CLANG_WARN_CONSTANT_CONVERSION = YES;
				CLANG_WARN_DEPRECATED_OBJC_IMPLEMENTATIONS = YES;
				CLANG_WARN_DIRECT_OBJC_ISA_USAGE = YES_ERROR;
				CLANG_WARN_DOCUMENTATION_COMMENTS = YES;
				CLANG_WARN_EMPTY_BODY = YES;
				CLANG_WARN_ENUM_CONVERSION = YES;
				CLANG_WARN_INFINITE_RECURSION = YES;
				CLANG_WARN_INT_CONVERSION = YES;
				CLANG_WARN_NON_LITERAL_NULL_CONVERSION = YES;
				CLANG_WARN_OBJC_IMPLICIT_RETAIN_SELF = YES;
				CLANG_WARN_OBJC_LITERAL_CONVERSION = YES;
				CLANG_WARN_OBJC_ROOT_CLASS = YES_ERROR;
				CLANG_WARN_RANGE_LOOP_ANALYSIS = YES;
				CLANG_WARN_STRICT_PROTOTYPES = YES;
				CLANG_WARN_SUSPICIOUS_MOVE = YES;
				CLANG_WARN_UNGUARDED_AVAILABILITY = YES_AGGRESSIVE;
				CLANG_WARN_UNREACHABLE_CODE = YES;
				CLANG_WARN__DUPLICATE_METHOD_MATCH = YES;
				COPY_PHASE_STRIP = NO;
				DEBUG_INFORMATION_FORMAT = "dwarf-with-dsym";
				ENABLE_NS_ASSERTIONS = NO;
				ENABLE_STRICT_OBJC_MSGSEND = YES;
				GCC_C_LANGUAGE_STANDARD = gnu11;
				GCC_NO_COMMON_BLOCKS = YES;
				GCC_WARN_64_TO_32_BIT_CONVERSION = YES;
				GCC_WARN_ABOUT_RETURN_TYPE = YES_ERROR;
				GCC_WARN_UNDECLARED_SELECTOR = YES;
				GCC_WARN_UNINITIALIZED_AUTOS = YES_AGGRESSIVE;
				GCC_WARN_UNUSED_FUNCTION = YES;
				GCC_WARN_UNUSED_VARIABLE = YES;
				IPHONEOS_DEPLOYMENT_TARGET = 13.2;
				MTL_ENABLE_DEBUG_INFO = NO;
				MTL_FAST_MATH = YES;
				SDKROOT = iphoneos;
				VALIDATE_PRODUCT = YES;
			};
			name = Release;
		};
		A11F8C8423AC69BC00E590BB /* Debug */ = {
			isa = XCBuildConfiguration;
			buildSettings = {
				ASSETCATALOG_COMPILER_APPICON_NAME = AppIcon;
				CODE_SIGN_STYLE = Automatic;
				DEVELOPMENT_TEAM = GKY55PPXT6;
				INFOPLIST_FILE = StoryboardDemoWithSwift/Info.plist;
				LD_RUNPATH_SEARCH_PATHS = (
					"$(inherited)",
					"@executable_path/Frameworks",
				);
				PRODUCT_BUNDLE_IDENTIFIER = com.QuentinZang.StoryboardDemoWithSwift;
				PRODUCT_NAME = "$(TARGET_NAME)";
				TARGETED_DEVICE_FAMILY = "1,2";
			};
			name = Debug;
		};
		A11F8C8523AC69BC00E590BB /* Release */ = {
			isa = XCBuildConfiguration;
			buildSettings = {
				ASSETCATALOG_COMPILER_APPICON_NAME = AppIcon;
				CODE_SIGN_STYLE = Automatic;
				DEVELOPMENT_TEAM = GKY55PPXT6;
				INFOPLIST_FILE = StoryboardDemoWithSwift/Info.plist;
				LD_RUNPATH_SEARCH_PATHS = (
					"$(inherited)",
					"@executable_path/Frameworks",
				);
				PRODUCT_BUNDLE_IDENTIFIER = com.QuentinZang.StoryboardDemoWithSwift;
				PRODUCT_NAME = "$(TARGET_NAME)";
				TARGETED_DEVICE_FAMILY = "1,2";
			};
			name = Release;
		};
		A11F8C8723AC69BC00E590BB /* Debug */ = {
			isa = XCBuildConfiguration;
			buildSettings = {
				BUNDLE_LOADER = "$(TEST_HOST)";
				CODE_SIGN_STYLE = Automatic;
				DEVELOPMENT_TEAM = GKY55PPXT6;
				INFOPLIST_FILE = StoryboardDemoWithSwiftTests/Info.plist;
				IPHONEOS_DEPLOYMENT_TARGET = 13.2;
				LD_RUNPATH_SEARCH_PATHS = (
					"$(inherited)",
					"@executable_path/Frameworks",
					"@loader_path/Frameworks",
				);
				PRODUCT_BUNDLE_IDENTIFIER = com.QuentinZang.StoryboardDemoWithSwiftTests;
				PRODUCT_NAME = "$(TARGET_NAME)";
				TARGETED_DEVICE_FAMILY = "1,2";
				TEST_HOST = "$(BUILT_PRODUCTS_DIR)/StoryboardDemoWithSwift.app/StoryboardDemoWithSwift";
			};
			name = Debug;
		};
		A11F8C8823AC69BC00E590BB /* Release */ = {
			isa = XCBuildConfiguration;
			buildSettings = {
				BUNDLE_LOADER = "$(TEST_HOST)";
				CODE_SIGN_STYLE = Automatic;
				DEVELOPMENT_TEAM = GKY55PPXT6;
				INFOPLIST_FILE = StoryboardDemoWithSwiftTests/Info.plist;
				IPHONEOS_DEPLOYMENT_TARGET = 13.2;
				LD_RUNPATH_SEARCH_PATHS = (
					"$(inherited)",
					"@executable_path/Frameworks",
					"@loader_path/Frameworks",
				);
				PRODUCT_BUNDLE_IDENTIFIER = com.QuentinZang.StoryboardDemoWithSwiftTests;
				PRODUCT_NAME = "$(TARGET_NAME)";
				TARGETED_DEVICE_FAMILY = "1,2";
				TEST_HOST = "$(BUILT_PRODUCTS_DIR)/StoryboardDemoWithSwift.app/StoryboardDemoWithSwift";
			};
			name = Release;
		};
		A11F8C8A23AC69BC00E590BB /* Debug */ = {
			isa = XCBuildConfiguration;
			buildSettings = {
				CODE_SIGN_STYLE = Automatic;
				DEVELOPMENT_TEAM = GKY55PPXT6;
				INFOPLIST_FILE = StoryboardDemoWithSwiftUITests/Info.plist;
				LD_RUNPATH_SEARCH_PATHS = (
					"$(inherited)",
					"@executable_path/Frameworks",
					"@loader_path/Frameworks",
				);
				PRODUCT_BUNDLE_IDENTIFIER = com.QuentinZang.StoryboardDemoWithSwiftUITests;
				PRODUCT_NAME = "$(TARGET_NAME)";
				TARGETED_DEVICE_FAMILY = "1,2";
				TEST_TARGET_NAME = StoryboardDemoWithSwift;
			};
			name = Debug;
		};
		A11F8C8B23AC69BC00E590BB /* Release */ = {
			isa = XCBuildConfiguration;
			buildSettings = {
				CODE_SIGN_STYLE = Automatic;
				DEVELOPMENT_TEAM = GKY55PPXT6;
				INFOPLIST_FILE = StoryboardDemoWithSwiftUITests/Info.plist;
				LD_RUNPATH_SEARCH_PATHS = (
					"$(inherited)",
					"@executable_path/Frameworks",
					"@loader_path/Frameworks",
				);
				PRODUCT_BUNDLE_IDENTIFIER = com.QuentinZang.StoryboardDemoWithSwiftUITests;
				PRODUCT_NAME = "$(TARGET_NAME)";
				TARGETED_DEVICE_FAMILY = "1,2";
				TEST_TARGET_NAME = StoryboardDemoWithSwift;
			};
			name = Release;
		};
/* End XCBuildConfiguration section */

/* Begin XCConfigurationList section */
		A11F8C4F23AC69BB00E590BB /* Build configuration list for PBXProject "StoryboardDemoWithSwift" */ = {
			isa = XCConfigurationList;
			buildConfigurations = (
				A11F8C8123AC69BC00E590BB /* Debug */,
				A11F8C8223AC69BC00E590BB /* Release */,
			);
			defaultConfigurationIsVisible = 0;
			defaultConfigurationName = Release;
		};
		A11F8C8323AC69BC00E590BB /* Build configuration list for PBXNativeTarget "StoryboardDemoWithSwift" */ = {
			isa = XCConfigurationList;
			buildConfigurations = (
				A11F8C8423AC69BC00E590BB /* Debug */,
				A11F8C8523AC69BC00E590BB /* Release */,
			);
			defaultConfigurationIsVisible = 0;
			defaultConfigurationName = Release;
		};
		A11F8C8623AC69BC00E590BB /* Build configuration list for PBXNativeTarget "StoryboardDemoWithSwiftTests" */ = {
			isa = XCConfigurationList;
			buildConfigurations = (
				A11F8C8723AC69BC00E590BB /* Debug */,
				A11F8C8823AC69BC00E590BB /* Release */,
			);
			defaultConfigurationIsVisible = 0;
			defaultConfigurationName = Release;
		};
		A11F8C8923AC69BC00E590BB /* Build configuration list for PBXNativeTarget "StoryboardDemoWithSwiftUITests" */ = {
			isa = XCConfigurationList;
			buildConfigurations = (
				A11F8C8A23AC69BC00E590BB /* Debug */,
				A11F8C8B23AC69BC00E590BB /* Release */,
			);
			defaultConfigurationIsVisible = 0;
			defaultConfigurationName = Release;
		};
/* End XCConfigurationList section */
	};
	rootObject = A11F8C4C23AC69BB00E590BB /* Project object */;
}
